<Solution>
  <Configurations>
    <Platform Name="Any CPU" />
    <Platform Name="x64" />
    <Platform Name="x86" />
  </Configurations>
  <Folder Name="/docs/">
    <File Path="docs/adr-001-mp-runtime-orleans.md" />
    <File Path="docs/multiplayer-implementation-plan.md" />
    <File Path="docs/phase-1c-astar-heuristic-spec.md" />
  </Folder>
  <Folder Name="/Solution Items/">
    <File Path=".editorconfig" />
    <File Path=".gitignore" />
    <File Path="Directory.Build.props" />
    <File Path="Directory.Packages.props" />
    <File Path="global.json" />
    <File Path="gsg-engine-design.md" />
    <File Path="README.md" />
  </Folder>
  <Folder Name="/src/">
    <Project Path="src/SimEngine.Game.Ui.Stride/SimEngine.Game.Ui.Stride.csproj" DefaultStartup="true" />
    <Project Path="src/SimEngine.Client/SimEngine.Client.csproj" />
    <Project Path="src/SimEngine.Game.Ui.Console/SimEngine.Game.Ui.Console.csproj" />
    <Project Path="src/SimEngine.Contracts/SimEngine.Contracts.csproj" />
    <Project Path="src/SimEngine.Game/SimEngine.Game.csproj" />
    <Project Path="src/SimEngine.Rendering/SimEngine.Rendering.csproj" />
    <Project Path="src/SimEngine.Server/SimEngine.Server.csproj" />
    <Project Path="src/SimEngine/SimEngine.csproj" />
  </Folder>
  <Folder Name="/tests/">
    <Project Path="tests/SimEngine.Server.Tests/SimEngine.Server.Tests.csproj" />
    <Project Path="tests/SimEngine.Tests/SimEngine.Tests.csproj" />
  </Folder>
  <Folder Name="/tools/">
    <Project Path="tools/SimEngine.MpSpike/SimEngine.MpSpike.csproj" />
  </Folder>
</Solution>


